
Microsoft Visual Studio Solution File, Format Version 12.00
# Visual Studio Version 17
VisualStudioVersion = 17.5.002.0
MinimumVisualStudioVersion = 10.0.40219.1
Project("{9A19103F-16F7-4668-BE54-9A1E7A4F7556}") = "OOPDay5", "OOPDay5.csproj", "{6B8D6FF6-A207-4F6B-B0EC-3F1D395E69AD}"
EndProject
Global
	GlobalSection(SolutionConfigurationPlatforms) = preSolution
		Debug|Any CPU = Debug|Any CPU
		Release|Any CPU = Release|Any CPU
	EndGlobalSection
	GlobalSection(ProjectConfigurationPlatforms) = postSolution
		{6B8D6FF6-A207-4F6B-B0EC-3F1D395E69AD}.Debug|Any CPU.ActiveCfg = Debug|Any CPU
		{6B8D6FF6-A207-4F6B-B0EC-3F1D395E69AD}.Debug|Any CPU.Build.0 = Debug|Any CPU
		{6B8D6FF6-A207-4F6B-B0EC-3F1D395E69AD}.Release|Any CPU.ActiveCfg = Release|Any CPU
		{6B8D6FF6-A207-4F6B-B0EC-3F1D395E69AD}.Release|Any CPU.Build.0 = Release|Any CPU
	EndGlobalSection
	GlobalSection(SolutionProperties) = preSolution
		HideSolutionNode = FALSE
	EndGlobalSection
	GlobalSection(ExtensibilityGlobals) = postSolution
		SolutionGuid = {BA64A71E-B830-4A12-93F7-77391983BF77}
	EndGlobalSection
EndGlobal
