Microsoft Visual Studio Solution File, Format Version 12.00
# Visual Studio Version 17
VisualStudioVersion = 17.5.2.0
MinimumVisualStudioVersion = 10.0.40219.1
Project("{FAE04EC0-301F-11D3-BF4B-00C04F79EFBC}") = "JQueryMVCDemo", "JQueryMVCDemo.csproj", "{A716C23E-D2D0-1200-F06D-1C693EE90A41}"
EndProject
Global
	GlobalSection(SolutionConfigurationPlatforms) = preSolution
		Debug|Any CPU = Debug|Any CPU
		Release|Any CPU = Release|Any CPU
	EndGlobalSection
	GlobalSection(ProjectConfigurationPlatforms) = postSolution
		{A716C23E-D2D0-1200-F06D-1C693EE90A41}.Debug|Any CPU.ActiveCfg = Debug|Any CPU
		{A716C23E-D2D0-1200-F06D-1C693EE90A41}.Debug|Any CPU.Build.0 = Debug|Any CPU
		{A716C23E-D2D0-1200-F06D-1C693EE90A41}.Release|Any CPU.ActiveCfg = Release|Any CPU
		{A716C23E-D2D0-1200-F06D-1C693EE90A41}.Release|Any CPU.Build.0 = Release|Any CPU
	EndGlobalSection
	GlobalSection(SolutionProperties) = preSolution
		HideSolutionNode = FALSE
	EndGlobalSection
	GlobalSection(ExtensibilityGlobals) = postSolution
		SolutionGuid = {01B21A78-1F67-4763-B58A-A28743FB690A}
	EndGlobalSection
EndGlobal
