
Microsoft Visual Studio Solution File, Format Version 12.00
# Visual Studio Version 17
VisualStudioVersion = 17.5.002.0
MinimumVisualStudioVersion = 10.0.40219.1
Project("{9A19103F-16F7-4668-BE54-9A1E7A4F7556}") = "OOPDay1", "OOPDay1.csproj", "{3F945325-9241-4EE1-98FB-C5210D127965}"
EndProject
Global
	GlobalSection(SolutionConfigurationPlatforms) = preSolution
		Debug|Any CPU = Debug|Any CPU
		Release|Any CPU = Release|Any CPU
	EndGlobalSection
	GlobalSection(ProjectConfigurationPlatforms) = postSolution
		{3F945325-9241-4EE1-98FB-C5210D127965}.Debug|Any CPU.ActiveCfg = Debug|Any CPU
		{3F945325-9241-4EE1-98FB-C5210D127965}.Debug|Any CPU.Build.0 = Debug|Any CPU
		{3F945325-9241-4EE1-98FB-C5210D127965}.Release|Any CPU.ActiveCfg = Release|Any CPU
		{3F945325-9241-4EE1-98FB-C5210D127965}.Release|Any CPU.Build.0 = Release|Any CPU
	EndGlobalSection
	GlobalSection(SolutionProperties) = preSolution
		HideSolutionNode = FALSE
	EndGlobalSection
	GlobalSection(ExtensibilityGlobals) = postSolution
		SolutionGuid = {FE4BBEA4-6E19-427A-8190-E46052EEEC1E}
	EndGlobalSection
EndGlobal
